{
  "name": "Admin",
  "lockfileVersion": 2,
  "requires": true,
  "packages": {
    "": {
      "dependencies": {
        "lucide": "^0.299.0"
      }
    },
    "node_modules/lucide": {
      "version": "0.299.0",
      "resolved": "https://registry.npmjs.org/lucide/-/lucide-0.299.0.tgz",
      "integrity": "sha512-yYw6PfkpyKhNDt4Ay1lsj0wwTAoM/ccSbZdSh6b77gRMvCC2fqKed16Jo+lWbxWOAWHoxVUpO4nx72fVZvadaw=="
    }
  },
  "dependencies": {
    "lucide": {
      "version": "0.299.0",
      "resolved": "https://registry.npmjs.org/lucide/-/lucide-0.299.0.tgz",
      "integrity": "sha512-yYw6PfkpyKhNDt4Ay1lsj0wwTAoM/ccSbZdSh6b77gRMvCC2fqKed16Jo+lWbxWOAWHoxVUpO4nx72fVZvadaw=="
    }
  }
}
